{
    "_readme": [
        "This file locks the dependencies of your project to a known state",
        "Read more about it at https://getcomposer.org/doc/01-basic-usage.md#installing-dependencies",
        "This file is @generated automatically"
    ],
    "content-hash": "c7052e90e0dcc337e46666e423ffb858",
    "packages": [
        {
            "name": "unifiedcodes/arbor",
            "version": "v1.0.0",
            "source": {
                "type": "git",
                "url": "https://github.com/unifiedcodes/arbor.git",
                "reference": "fed8fe7084316a0a82981d5ffec25c9f579dd7c9"
            },
            "dist": {
                "type": "zip",
                "url": "https://api.github.com/repos/unifiedcodes/arbor/zipball/fed8fe7084316a0a82981d5ffec25c9f579dd7c9",
                "reference": "fed8fe7084316a0a82981d5ffec25c9f579dd7c9",
                "shasum": ""
            },
            "require": {
                "php": ">=8.1"
            },
            "type": "library",
            "autoload": {
                "psr-4": {
                    "Arbor\\": "src/"
                }
            },
            "notification-url": "https://packagist.org/downloads/",
            "license": [
                "Apache-2.0"
            ],
            "authors": [
                {
                    "name": "Harshit Mishra",
                    "email": "info@unifiedcodes.com",
                    "homepage": "https://unifiedcodes.com",
                    "role": "Lead Developer"
                }
            ],
            "description": "A modular PHP micro-framework for fast, modern application development.",
            "homepage": "https://github.com/unifiedcodes/arbor",
            "keywords": [
                "arbor",
                "dependency-injection",
                "framework",
                "micro-framework",
                "modular",
                "php",
                "psr"
            ],
            "support": {
                "docs": "https://github.com/unifiedcodes/arbor/wiki",
                "issues": "https://github.com/unifiedcodes/arbor/issues",
                "source": "https://github.com/unifiedcodes/arbor"
            },
            "time": "2025-09-09T16:18:31+00:00"
        }
    ],
    "packages-dev": [],
    "aliases": [],
    "minimum-stability": "stable",
    "stability-flags": {},
    "prefer-stable": true,
    "prefer-lowest": false,
    "platform": {
        "php": "^8.1"
    },
    "platform-dev": {},
    "plugin-api-version": "2.6.0"
}
